
Microsoft Visual Studio Solution File, Format Version 12.00
# Visual Studio Version 17
VisualStudioVersion = 17.9.34622.214
MinimumVisualStudioVersion = 10.0.40219.1
Project("{FAE04EC0-301F-11D3-BF4B-00C04F79EFBC}") = "izim2240_lab1", "izim2240_lab1\izim2240_lab1.csproj", "{C2D99301-6FE7-4B3E-995E-22C22D234DAC}"
EndProject
Global
	GlobalSection(SolutionConfigurationPlatforms) = preSolution
		Debug|Any CPU = Debug|Any CPU
		Release|Any CPU = Release|Any CPU
	EndGlobalSection
	GlobalSection(ProjectConfigurationPlatforms) = postSolution
		{C2D99301-6FE7-4B3E-995E-22C22D234DAC}.Debug|Any CPU.ActiveCfg = Debug|Any CPU
		{C2D99301-6FE7-4B3E-995E-22C22D234DAC}.Debug|Any CPU.Build.0 = Debug|Any CPU
		{C2D99301-6FE7-4B3E-995E-22C22D234DAC}.Release|Any CPU.ActiveCfg = Release|Any CPU
		{C2D99301-6FE7-4B3E-995E-22C22D234DAC}.Release|Any CPU.Build.0 = Release|Any CPU
	EndGlobalSection
	GlobalSection(SolutionProperties) = preSolution
		HideSolutionNode = FALSE
	EndGlobalSection
	GlobalSection(ExtensibilityGlobals) = postSolution
		SolutionGuid = {871CAC0F-38BA-4DC6-A25A-9CF8AC135BC3}
	EndGlobalSection
EndGlobal
